
Microsoft Visual Studio Solution File, Format Version 12.00
# Visual Studio Version 16
VisualStudioVersion = 25.0.1706.5
MinimumVisualStudioVersion = 10.0.40219.1
Project("{FAE04EC0-301F-11D3-BF4B-00C04F79EFBC}") = "RzumeAPI", "RzumeAPI\RzumeAPI.csproj", "{0EC60605-7E4D-4C6D-A47E-BF69616038F1}"
EndProject
Project("{2150E333-8FDC-42A3-9474-1A3956D46DE8}") = "Solution Items", "Solution Items", "{BAB2FC26-78AD-4C60-B3DE-0593480D4E55}"
EndProject
Global
	GlobalSection(SolutionConfigurationPlatforms) = preSolution
		Debug|Any CPU = Debug|Any CPU
		Release|Any CPU = Release|Any CPU
	EndGlobalSection
	GlobalSection(ProjectConfigurationPlatforms) = postSolution
		{0EC60605-7E4D-4C6D-A47E-BF69616038F1}.Debug|Any CPU.ActiveCfg = Debug|Any CPU
		{0EC60605-7E4D-4C6D-A47E-BF69616038F1}.Debug|Any CPU.Build.0 = Debug|Any CPU
		{0EC60605-7E4D-4C6D-A47E-BF69616038F1}.Release|Any CPU.ActiveCfg = Release|Any CPU
		{0EC60605-7E4D-4C6D-A47E-BF69616038F1}.Release|Any CPU.Build.0 = Release|Any CPU
	EndGlobalSection
	GlobalSection(SolutionProperties) = preSolution
		HideSolutionNode = FALSE
	EndGlobalSection
	GlobalSection(ExtensibilityGlobals) = postSolution
		SolutionGuid = {0BDDDC3B-C576-4708-947E-D19290C8BC71}
	EndGlobalSection
EndGlobal
