
Microsoft Visual Studio Solution File, Format Version 12.00
# Visual Studio Version 17
VisualStudioVersion = 17.5.002.0
MinimumVisualStudioVersion = 10.0.40219.1
Project("{9A19103F-16F7-4668-BE54-9A1E7A4F7556}") = "RzumeAPI", "RzumeAPI.csproj", "{4D39F53D-9374-4DB2-8223-40A3D70537C2}"
EndProject
Global
	GlobalSection(SolutionConfigurationPlatforms) = preSolution
		Debug|Any CPU = Debug|Any CPU
		Release|Any CPU = Release|Any CPU
	EndGlobalSection
	GlobalSection(ProjectConfigurationPlatforms) = postSolution
		{4D39F53D-9374-4DB2-8223-40A3D70537C2}.Debug|Any CPU.ActiveCfg = Debug|Any CPU
		{4D39F53D-9374-4DB2-8223-40A3D70537C2}.Debug|Any CPU.Build.0 = Debug|Any CPU
		{4D39F53D-9374-4DB2-8223-40A3D70537C2}.Release|Any CPU.ActiveCfg = Release|Any CPU
		{4D39F53D-9374-4DB2-8223-40A3D70537C2}.Release|Any CPU.Build.0 = Release|Any CPU
	EndGlobalSection
	GlobalSection(SolutionProperties) = preSolution
		HideSolutionNode = FALSE
	EndGlobalSection
	GlobalSection(ExtensibilityGlobals) = postSolution
		SolutionGuid = {D794E682-F8A4-4BC4-BAC7-6E4D6A15FED2}
	EndGlobalSection
EndGlobal
